// !$*UTF8*$!
{
	archiveVersion = 1;
	classes = {
	};
	objectVersion = 46;
	objects = {

/* Begin PBXBuildFile section */
		00D3251E172A834D003CDCCA /* UIKit.framework in Frameworks */ = {isa = PBXBuildFile; fileRef = 00D3251D172A834D003CDCCA /* UIKit.framework */; };
		00D32520172A834D003CDCCA /* Foundation.framework in Frameworks */ = {isa = PBXBuildFile; fileRef = 00D3251F172A834D003CDCCA /* Foundation.framework */; };
		00D32522172A834D003CDCCA /* CoreGraphics.framework in Frameworks */ = {isa = PBXBuildFile; fileRef = 00D32521172A834D003CDCCA /* CoreGraphics.framework */; };
		00D32528172A834D003CDCCA /* InfoPlist.strings in Resources */ = {isa = PBXBuildFile; fileRef = 00D32526172A834D003CDCCA /* InfoPlist.strings */; };
		00D3252A172A834D003CDCCA /* main.m in Sources */ = {isa = PBXBuildFile; fileRef = 00D32529172A834D003CDCCA /* main.m */; };
		00D3252E172A834D003CDCCA /* AppDelegate.m in Sources */ = {isa = PBXBuildFile; fileRef = 00D3252D172A834D003CDCCA /* AppDelegate.m */; };
		00D32531172A834D003CDCCA /* MainStoryboard.storyboard in Resources */ = {isa = PBXBuildFile; fileRef = 00D3252F172A834D003CDCCA /* MainStoryboard.storyboard */; };
		00D32534172A834D003CDCCA /* ViewController.m in Sources */ = {isa = PBXBuildFile; fileRef = 00D32533172A834D003CDCCA /* ViewController.m */; };
/* End PBXBuildFile section */

/* Begin PBXFileReference section */
		00D32519172A834D003CDCCA /* GitUSeExample.app */ = {isa = PBXFileReference; explicitFileType = wrapper.application; includeInIndex = 0; path = GitUSeExample.app; sourceTree = BUILT_PRODUCTS_DIR; };
		00D3251D172A834D003CDCCA /* UIKit.framework */ = {isa = PBXFileReference; lastKnownFileType = wrapper.framework; name = UIKit.framework; path = System/Library/Frameworks/UIKit.framework; sourceTree = SDKROOT; };
		00D3251F172A834D003CDCCA /* Foundation.framework */ = {isa = PBXFileReference; lastKnownFileType = wrapper.framework; name = Foundation.framework; path = System/Library/Frameworks/Foundation.framework; sourceTree = SDKROOT; };
		00D32521172A834D003CDCCA /* CoreGraphics.framework */ = {isa = PBXFileReference; lastKnownFileType = wrapper.framework; name = CoreGraphics.framework; path = System/Library/Frameworks/CoreGraphics.framework; sourceTree = SDKROOT; };
		00D32525172A834D003CDCCA /* GitUSeExample-Info.plist */ = {isa = PBXFileReference; lastKnownFileType = text.plist.xml; path = "GitUSeExample-Info.plist"; sourceTree = "<group>"; };
		00D32527172A834D003CDCCA /* en */ = {isa = PBXFileReference; lastKnownFileType = text.plist.strings; name = en; path = en.lproj/InfoPlist.strings; sourceTree = "<group>"; };
		00D32529172A834D003CDCCA /* main.m */ = {isa = PBXFileReference; lastKnownFileType = sourcecode.c.objc; path = main.m; sourceTree = "<group>"; };
		00D3252B172A834D003CDCCA /* GitUSeExample-Prefix.pch */ = {isa = PBXFileReference; lastKnownFileType = sourcecode.c.h; path = "GitUSeExample-Prefix.pch"; sourceTree = "<group>"; };
		00D3252C172A834D003CDCCA /* AppDelegate.h */ = {isa = PBXFileReference; lastKnownFileType = sourcecode.c.h; path = AppDelegate.h; sourceTree = "<group>"; };
		00D3252D172A834D003CDCCA /* AppDelegate.m */ = {isa = PBXFileReference; lastKnownFileType = sourcecode.c.objc; path = AppDelegate.m; sourceTree = "<group>"; };
		00D32530172A834D003CDCCA /* en */ = {isa = PBXFileReference; lastKnownFileType = file.storyboard; name = en; path = en.lproj/MainStoryboard.storyboard; sourceTree = "<group>"; };
		00D32532172A834D003CDCCA /* ViewController.h */ = {isa = PBXFileReference; lastKnownFileType = sourcecode.c.h; path = ViewController.h; sourceTree = "<group>"; };
		00D32533172A834D003CDCCA /* ViewController.m */ = {isa = PBXFileReference; lastKnownFileType = sourcecode.c.objc; path = ViewController.m; sourceTree = "<group>"; };
/* End PBXFileReference section */

/* Begin PBXFrameworksBuildPhase section */
		00D32516172A834D003CDCCA /* Frameworks */ = {
			isa = PBXFrameworksBuildPhase;
			buildActionMask = 2147483647;
			files = (
				00D3251E172A834D003CDCCA /* UIKit.framework in Frameworks */,
				00D32520172A834D003CDCCA /* Foundation.framework in Frameworks */,
				00D32522172A834D003CDCCA /* CoreGraphics.framework in Frameworks */,
			);
			runOnlyForDeploymentPostprocessing = 0;
		};
/* End PBXFrameworksBuildPhase section */

/* Begin PBXGroup section */
		00D3250E172A834D003CDCCA = {
			isa = PBXGroup;
			children = (
				00D32523172A834D003CDCCA /* GitUSeExample */,
				00D3251C172A834D003CDCCA /* Frameworks */,
				00D3251A172A834D003CDCCA /* Products */,
			);
			sourceTree = "<group>";
		};
		00D3251A172A834D003CDCCA /* Products */ = {
			isa = PBXGroup;
			children = (
				00D32519172A834D003CDCCA /* GitUSeExample.app */,
			);
			name = Products;
			sourceTree = "<group>";
		};
		00D3251C172A834D003CDCCA /* Frameworks */ = {
			isa = PBXGroup;
			children = (
				00D3251D172A834D003CDCCA /* UIKit.framework */,
				00D3251F172A834D003CDCCA /* Foundation.framework */,
				00D32521172A834D003CDCCA /* CoreGraphics.framework */,
			);
			name = Frameworks;
			sourceTree = "<group>";
		};
		00D32523172A834D003CDCCA /* GitUSeExample */ = {
			isa = PBXGroup;
			children = (
				00D3252C172A834D003CDCCA /* AppDelegate.h */,
				00D3252D172A834D003CDCCA /* AppDelegate.m */,
				00D3252F172A834D003CDCCA /* MainStoryboard.storyboard */,
				00D32532172A834D003CDCCA /* ViewController.h */,
				00D32533172A834D003CDCCA /* ViewController.m */,
				00D32524172A834D003CDCCA /* Supporting Files */,
			);
			path = GitUSeExample;
			sourceTree = "<group>";
		};
		00D32524172A834D003CDCCA /* Supporting Files */ = {
			isa = PBXGroup;
			children = (
				00D32525172A834D003CDCCA /* GitUSeExample-Info.plist */,
				00D32526172A834D003CDCCA /* InfoPlist.strings */,
				00D32529172A834D003CDCCA /* main.m */,
				00D3252B172A834D003CDCCA /* GitUSeExample-Prefix.pch */,
			);
			name = "Supporting Files";
			sourceTree = "<group>";
		};
/* End PBXGroup section */

/* Begin PBXNativeTarget section */
		00D32518172A834D003CDCCA /* GitUSeExample */ = {
			isa = PBXNativeTarget;
			buildConfigurationList = 00D32537172A834D003CDCCA /* Build configuration list for PBXNativeTarget "GitUSeExample" */;
			buildPhases = (
				00D32515172A834D003CDCCA /* Sources */,
				00D32516172A834D003CDCCA /* Frameworks */,
				00D32517172A834D003CDCCA /* Resources */,
			);
			buildRules = (
			);
			dependencies = (
			);
			name = GitUSeExample;
			productName = GitUSeExample;
			productReference = 00D32519172A834D003CDCCA /* GitUSeExample.app */;
			productType = "com.apple.product-type.application";
		};
/* End PBXNativeTarget section */

/* Begin PBXProject section */
		00D32510172A834D003CDCCA /* Project object */ = {
			isa = PBXProject;
			attributes = {
				LastUpgradeCheck = 0430;
			};
			buildConfigurationList = 00D32513172A834D003CDCCA /* Build configuration list for PBXProject "GitUSeExample" */;
			compatibilityVersion = "Xcode 3.2";
			developmentRegion = English;
			hasScannedForEncodings = 0;
			knownRegions = (
				en,
			);
			mainGroup = 00D3250E172A834D003CDCCA;
			productRefGroup = 00D3251A172A834D003CDCCA /* Products */;
			projectDirPath = "";
			projectRoot = "";
			targets = (
				00D32518172A834D003CDCCA /* GitUSeExample */,
			);
		};
/* End PBXProject section */

/* Begin PBXResourcesBuildPhase section */
		00D32517172A834D003CDCCA /* Resources */ = {
			isa = PBXResourcesBuildPhase;
			buildActionMask = 2147483647;
			files = (
				00D32528172A834D003CDCCA /* InfoPlist.strings in Resources */,
				00D32531172A834D003CDCCA /* MainStoryboard.storyboard in Resources */,
			);
			runOnlyForDeploymentPostprocessing = 0;
		};
/* End PBXResourcesBuildPhase section */

/* Begin PBXSourcesBuildPhase section */
		00D32515172A834D003CDCCA /* Sources */ = {
			isa = PBXSourcesBuildPhase;
			buildActionMask = 2147483647;
			files = (
				00D3252A172A834D003CDCCA /* main.m in Sources */,
				00D3252E172A834D003CDCCA /* AppDelegate.m in Sources */,
				00D32534172A834D003CDCCA /* ViewController.m in Sources */,
			);
			runOnlyForDeploymentPostprocessing = 0;
		};
/* End PBXSourcesBuildPhase section */

/* Begin PBXVariantGroup section */
		00D32526172A834D003CDCCA /* InfoPlist.strings */ = {
			isa = PBXVariantGroup;
			children = (
				00D32527172A834D003CDCCA /* en */,
			);
			name = InfoPlist.strings;
			sourceTree = "<group>";
		};
		00D3252F172A834D003CDCCA /* MainStoryboard.storyboard */ = {
			isa = PBXVariantGroup;
			children = (
				00D32530172A834D003CDCCA /* en */,
			);
			name = MainStoryboard.storyboard;
			sourceTree = "<group>";
		};
/* End PBXVariantGroup section */

/* Begin XCBuildConfiguration section */
		00D32535172A834D003CDCCA /* Debug */ = {
			isa = XCBuildConfiguration;
			buildSettings = {
				ALWAYS_SEARCH_USER_PATHS = NO;
				ARCHS = "$(ARCHS_STANDARD_32_BIT)";
				CLANG_ENABLE_OBJC_ARC = YES;
				"CODE_SIGN_IDENTITY[sdk=iphoneos*]" = "iPhone Developer";
				COPY_PHASE_STRIP = NO;
				GCC_C_LANGUAGE_STANDARD = gnu99;
				GCC_DYNAMIC_NO_PIC = NO;
				GCC_OPTIMIZATION_LEVEL = 0;
				GCC_PREPROCESSOR_DEFINITIONS = (
					"DEBUG=1",
					"$(inherited)",
				);
				GCC_SYMBOLS_PRIVATE_EXTERN = NO;
				GCC_VERSION = com.apple.compilers.llvm.clang.1_0;
				GCC_WARN_ABOUT_RETURN_TYPE = YES;
				GCC_WARN_UNINITIALIZED_AUTOS = YES;
				GCC_WARN_UNUSED_VARIABLE = YES;
				IPHONEOS_DEPLOYMENT_TARGET = 5.1;
				SDKROOT = iphoneos;
			};
			name = Debug;
		};
		00D32536172A834D003CDCCA /* Release */ = {
			isa = XCBuildConfiguration;
			buildSettings = {
				ALWAYS_SEARCH_USER_PATHS = NO;
				ARCHS = "$(ARCHS_STANDARD_32_BIT)";
				CLANG_ENABLE_OBJC_ARC = YES;
				"CODE_SIGN_IDENTITY[sdk=iphoneos*]" = "iPhone Developer";
				COPY_PHASE_STRIP = YES;
				GCC_C_LANGUAGE_STANDARD = gnu99;
				GCC_VERSION = com.apple.compilers.llvm.clang.1_0;
				GCC_WARN_ABOUT_RETURN_TYPE = YES;
				GCC_WARN_UNINITIALIZED_AUTOS = YES;
				GCC_WARN_UNUSED_VARIABLE = YES;
				IPHONEOS_DEPLOYMENT_TARGET = 5.1;
				OTHER_CFLAGS = "-DNS_BLOCK_ASSERTIONS=1";
				SDKROOT = iphoneos;
				VALIDATE_PRODUCT = YES;
			};
			name = Release;
		};
		00D32538172A834D003CDCCA /* Debug */ = {
			isa = XCBuildConfiguration;
			buildSettings = {
				GCC_PRECOMPILE_PREFIX_HEADER = YES;
				GCC_PREFIX_HEADER = "GitUSeExample/GitUSeExample-Prefix.pch";
				INFOPLIST_FILE = "GitUSeExample/GitUSeExample-Info.plist";
				PRODUCT_NAME = "$(TARGET_NAME)";
				WRAPPER_EXTENSION = app;
			};
			name = Debug;
		};
		00D32539172A834D003CDCCA /* Release */ = {
			isa = XCBuildConfiguration;
			buildSettings = {
				GCC_PRECOMPILE_PREFIX_HEADER = YES;
				GCC_PREFIX_HEADER = "GitUSeExample/GitUSeExample-Prefix.pch";
				INFOPLIST_FILE = "GitUSeExample/GitUSeExample-Info.plist";
				PRODUCT_NAME = "$(TARGET_NAME)";
				WRAPPER_EXTENSION = app;
			};
			name = Release;
		};
/* End XCBuildConfiguration section */

/* Begin XCConfigurationList section */
		00D32513172A834D003CDCCA /* Build configuration list for PBXProject "GitUSeExample" */ = {
			isa = XCConfigurationList;
			buildConfigurations = (
				00D32535172A834D003CDCCA /* Debug */,
				00D32536172A834D003CDCCA /* Release */,
			);
			defaultConfigurationIsVisible = 0;
			defaultConfigurationName = Release;
		};
		00D32537172A834D003CDCCA /* Build configuration list for PBXNativeTarget "GitUSeExample" */ = {
			isa = XCConfigurationList;
			buildConfigurations = (
				00D32538172A834D003CDCCA /* Debug */,
				00D32539172A834D003CDCCA /* Release */,
			);
			defaultConfigurationIsVisible = 0;
		};
/* End XCConfigurationList section */
	};
	rootObject = 00D32510172A834D003CDCCA /* Project object */;
}
